Microsoft Visual Studio Solution File, Format Version 12.00
# Visual Studio Version 17
VisualStudioVersion = 17.13.35931.197
MinimumVisualStudioVersion = 10.0.40219.1
Project("{FAE04EC0-301F-11D3-BF4B-00C04F79EFBC}") = "ATBASH", "ATBASH\ATBASH.csproj", "{450B27B7-7476-4629-A90A-ECBC84206D2B}"
EndProject
Global
	GlobalSection(SolutionConfigurationPlatforms) = preSolution
		Debug|Any CPU = Debug|Any CPU
		Release|Any CPU = Release|Any CPU
	EndGlobalSection
	GlobalSection(ProjectConfigurationPlatforms) = postSolution
		{450B27B7-7476-4629-A90A-ECBC84206D2B}.Debug|Any CPU.ActiveCfg = Debug|Any CPU
		{450B27B7-7476-4629-A90A-ECBC84206D2B}.Debug|Any CPU.Build.0 = Debug|Any CPU
		{450B27B7-7476-4629-A90A-ECBC84206D2B}.Release|Any CPU.ActiveCfg = Release|Any CPU
		{450B27B7-7476-4629-A90A-ECBC84206D2B}.Release|Any CPU.Build.0 = Release|Any CPU
	EndGlobalSection
	GlobalSection(SolutionProperties) = preSolution
		HideSolutionNode = FALSE
	EndGlobalSection
	GlobalSection(ExtensibilityGlobals) = postSolution
		SolutionGuid = {45AE2244-90B4-49C5-9BD1-ADEFF399644B}
	EndGlobalSection
EndGlobal
